{
  "name": "LeProjet",
  "lockfileVersion": 2,
  "requires": true,
  "packages": {
    "": {
      "dependencies": {
        "axios": "^0.24.0",
        "material-design-icons-iconfont": "^6.1.1",
        "vue-country-flag": "^2.3.2",
        "vue-router": "^3.5.3",
        "vuex": "^3.4.0",
        "vuex-persistedstate": "^4.1.0"
      },
      "devDependencies": {
        "@vue/cli-plugin-vuex": "~4.5.0"
      }
    },
    "node_modules/@vue/cli-plugin-vuex": {
      "version": "4.5.15",
      "resolved": "https://registry.npmjs.org/@vue/cli-plugin-vuex/-/cli-plugin-vuex-4.5.15.tgz",
      "integrity": "sha512-fqap+4HN+w+InDxlA3hZTOGE0tzBTgXhKLoDydhywqgmhQ1D9JA6Feh94ze6tG8DsWX58/ujYUqA8jAz17FJtg==",
      "dev": true,
      "peerDependencies": {
        "@vue/cli-service": "^3.0.0 || ^4.0.0-0"
      }
    },
    "node_modules/axios": {
      "version": "0.24.0",
      "resolved": "https://registry.npmjs.org/axios/-/axios-0.24.0.tgz",
      "integrity": "sha512-Q6cWsys88HoPgAaFAVUb0WpPk0O8iTeisR9IMqy9G8AbO4NlpVknrnQS03zzF9PGAWgO3cgletO3VjV/P7VztA==",
      "dependencies": {
        "follow-redirects": "^1.14.4"
      }
    },
    "node_modules/deepmerge": {
      "version": "4.2.2",
      "resolved": "https://registry.npmjs.org/deepmerge/-/deepmerge-4.2.2.tgz",
      "integrity": "sha512-FJ3UgI4gIl+PHZm53knsuSFpE+nESMr7M4v9QcgB7S63Kj/6WqMiFQJpBBYz1Pt+66bZpP3Q7Lye0Oo9MPKEdg==",
      "engines": {
        "node": ">=0.10.0"
      }
    },
    "node_modules/follow-redirects": {
      "version": "1.14.5",
      "resolved": "https://registry.npmjs.org/follow-redirects/-/follow-redirects-1.14.5.tgz",
      "integrity": "sha512-wtphSXy7d4/OR+MvIFbCVBDzZ5520qV8XfPklSN5QtxuMUJZ+b0Wnst1e1lCDocfzuCkHqj8k0FpZqO+UIaKNA==",
      "funding": [
        {
          "type": "individual",
          "url": "https://github.com/sponsors/RubenVerborgh"
        }
      ],
      "engines": {
        "node": ">=4.0"
      },
      "peerDependenciesMeta": {
        "debug": {
          "optional": true
        }
      }
    },
    "node_modules/material-design-icons-iconfont": {
      "version": "6.1.1",
      "resolved": "https://registry.npmjs.org/material-design-icons-iconfont/-/material-design-icons-iconfont-6.1.1.tgz",
      "integrity": "sha512-nkoXybeXoofanNagj4tbM6+/LALWpWxYX5ee861to5VQrKgb0/TskTw28Svwn0OGDKajuqK7ShFOsIBxIygGKA=="
    },
    "node_modules/shvl": {
      "version": "2.0.3",
      "resolved": "https://registry.npmjs.org/shvl/-/shvl-2.0.3.tgz",
      "integrity": "sha512-V7C6S9Hlol6SzOJPnQ7qzOVEWUQImt3BNmmzh40wObhla3XOYMe4gGiYzLrJd5TFa+cI2f9LKIRJTTKZSTbWgw=="
    },
    "node_modules/vue": {
      "version": "2.6.14",
      "resolved": "https://registry.npmjs.org/vue/-/vue-2.6.14.tgz",
      "integrity": "sha512-x2284lgYvjOMj3Za7kqzRcUSxBboHqtgRE2zlos1qWaOye5yUmHn42LB1250NJBLRwEcdrB0JRwyPTEPhfQjiQ==",
      "peer": true
    },
    "node_modules/vue-country-flag": {
      "version": "2.3.2",
      "resolved": "https://registry.npmjs.org/vue-country-flag/-/vue-country-flag-2.3.2.tgz",
      "integrity": "sha512-YhSS+GbLT9tp8tjMXxJKlqpBUd6dbhQJrttKj8ZbHtBocorIomFDMVMxraWVMs3hxaCW6SsAYaREkoYM00ORiA==",
      "engines": {
        "node": ">=10"
      },
      "peerDependencies": {
        "vue": "^2.6.12"
      }
    },
    "node_modules/vue-router": {
      "version": "3.5.3",
      "resolved": "https://registry.npmjs.org/vue-router/-/vue-router-3.5.3.tgz",
      "integrity": "sha512-FUlILrW3DGitS2h+Xaw8aRNvGTwtuaxrRkNSHWTizOfLUie7wuYwezeZ50iflRn8YPV5kxmU2LQuu3nM/b3Zsg=="
    },
    "node_modules/vuex": {
      "version": "3.6.2",
      "resolved": "https://registry.npmjs.org/vuex/-/vuex-3.6.2.tgz",
      "integrity": "sha512-ETW44IqCgBpVomy520DT5jf8n0zoCac+sxWnn+hMe/CzaSejb/eVw2YToiXYX+Ex/AuHHia28vWTq4goAexFbw==",
      "peerDependencies": {
        "vue": "^2.0.0"
      }
    },
    "node_modules/vuex-persistedstate": {
      "version": "4.1.0",
      "resolved": "https://registry.npmjs.org/vuex-persistedstate/-/vuex-persistedstate-4.1.0.tgz",
      "integrity": "sha512-3SkEj4NqwM69ikJdFVw6gObeB0NHyspRYMYkR/EbhR0hbvAKyR5gksVhtAfY1UYuWUOCCA0QNGwv9pOwdj+XUQ==",
      "dependencies": {
        "deepmerge": "^4.2.2",
        "shvl": "^2.0.3"
      },
      "peerDependencies": {
        "vuex": "^3.0 || ^4.0.0-rc"
      }
    }
  },
  "dependencies": {
    "@vue/cli-plugin-vuex": {
      "version": "4.5.15",
      "resolved": "https://registry.npmjs.org/@vue/cli-plugin-vuex/-/cli-plugin-vuex-4.5.15.tgz",
      "integrity": "sha512-fqap+4HN+w+InDxlA3hZTOGE0tzBTgXhKLoDydhywqgmhQ1D9JA6Feh94ze6tG8DsWX58/ujYUqA8jAz17FJtg==",
      "dev": true,
      "requires": {}
    },
    "axios": {
      "version": "0.24.0",
      "resolved": "https://registry.npmjs.org/axios/-/axios-0.24.0.tgz",
      "integrity": "sha512-Q6cWsys88HoPgAaFAVUb0WpPk0O8iTeisR9IMqy9G8AbO4NlpVknrnQS03zzF9PGAWgO3cgletO3VjV/P7VztA==",
      "requires": {
        "follow-redirects": "^1.14.4"
      }
    },
    "deepmerge": {
      "version": "4.2.2",
      "resolved": "https://registry.npmjs.org/deepmerge/-/deepmerge-4.2.2.tgz",
      "integrity": "sha512-FJ3UgI4gIl+PHZm53knsuSFpE+nESMr7M4v9QcgB7S63Kj/6WqMiFQJpBBYz1Pt+66bZpP3Q7Lye0Oo9MPKEdg=="
    },
    "follow-redirects": {
      "version": "1.14.5",
      "resolved": "https://registry.npmjs.org/follow-redirects/-/follow-redirects-1.14.5.tgz",
      "integrity": "sha512-wtphSXy7d4/OR+MvIFbCVBDzZ5520qV8XfPklSN5QtxuMUJZ+b0Wnst1e1lCDocfzuCkHqj8k0FpZqO+UIaKNA=="
    },
    "material-design-icons-iconfont": {
      "version": "6.1.1",
      "resolved": "https://registry.npmjs.org/material-design-icons-iconfont/-/material-design-icons-iconfont-6.1.1.tgz",
      "integrity": "sha512-nkoXybeXoofanNagj4tbM6+/LALWpWxYX5ee861to5VQrKgb0/TskTw28Svwn0OGDKajuqK7ShFOsIBxIygGKA=="
    },
    "shvl": {
      "version": "2.0.3",
      "resolved": "https://registry.npmjs.org/shvl/-/shvl-2.0.3.tgz",
      "integrity": "sha512-V7C6S9Hlol6SzOJPnQ7qzOVEWUQImt3BNmmzh40wObhla3XOYMe4gGiYzLrJd5TFa+cI2f9LKIRJTTKZSTbWgw=="
    },
    "vue": {
      "version": "2.6.14",
      "resolved": "https://registry.npmjs.org/vue/-/vue-2.6.14.tgz",
      "integrity": "sha512-x2284lgYvjOMj3Za7kqzRcUSxBboHqtgRE2zlos1qWaOye5yUmHn42LB1250NJBLRwEcdrB0JRwyPTEPhfQjiQ==",
      "peer": true
    },
    "vue-country-flag": {
      "version": "2.3.2",
      "resolved": "https://registry.npmjs.org/vue-country-flag/-/vue-country-flag-2.3.2.tgz",
      "integrity": "sha512-YhSS+GbLT9tp8tjMXxJKlqpBUd6dbhQJrttKj8ZbHtBocorIomFDMVMxraWVMs3hxaCW6SsAYaREkoYM00ORiA==",
      "requires": {}
    },
    "vue-router": {
      "version": "3.5.3",
      "resolved": "https://registry.npmjs.org/vue-router/-/vue-router-3.5.3.tgz",
      "integrity": "sha512-FUlILrW3DGitS2h+Xaw8aRNvGTwtuaxrRkNSHWTizOfLUie7wuYwezeZ50iflRn8YPV5kxmU2LQuu3nM/b3Zsg=="
    },
    "vuex": {
      "version": "3.6.2",
      "resolved": "https://registry.npmjs.org/vuex/-/vuex-3.6.2.tgz",
      "integrity": "sha512-ETW44IqCgBpVomy520DT5jf8n0zoCac+sxWnn+hMe/CzaSejb/eVw2YToiXYX+Ex/AuHHia28vWTq4goAexFbw==",
      "requires": {}
    },
    "vuex-persistedstate": {
      "version": "4.1.0",
      "resolved": "https://registry.npmjs.org/vuex-persistedstate/-/vuex-persistedstate-4.1.0.tgz",
      "integrity": "sha512-3SkEj4NqwM69ikJdFVw6gObeB0NHyspRYMYkR/EbhR0hbvAKyR5gksVhtAfY1UYuWUOCCA0QNGwv9pOwdj+XUQ==",
      "requires": {
        "deepmerge": "^4.2.2",
        "shvl": "^2.0.3"
      }
    }
  }
}
